// !$*UTF8*$!
{
	archiveVersion = 1;
	classes = {
	};
	objectVersion = 56;
	objects = {

/* Begin PBXBuildFile section */
		607F518C29ED60D700456824 /* main.cpp in Sources */ = {isa = PBXBuildFile; fileRef = 607F518B29ED60D700456824 /* main.cpp */; };
		607F51B129ED622C00456824 /* scene.cpp in Sources */ = {isa = PBXBuildFile; fileRef = 607F519729ED622B00456824 /* scene.cpp */; };
		607F51B529ED622C00456824 /* stb_image.cpp in Sources */ = {isa = PBXBuildFile; fileRef = 607F51A129ED622B00456824 /* stb_image.cpp */; };
		607F51B729ED622C00456824 /* texture.cpp in Sources */ = {isa = PBXBuildFile; fileRef = 607F51A729ED622B00456824 /* texture.cpp */; };
		607F51B829ED622C00456824 /* shader.cpp in Sources */ = {isa = PBXBuildFile; fileRef = 607F51A829ED622B00456824 /* shader.cpp */; };
		607F51B929ED622C00456824 /* shaderReader.cpp in Sources */ = {isa = PBXBuildFile; fileRef = 607F51A929ED622B00456824 /* shaderReader.cpp */; };
		607F51BA29ED622C00456824 /* geometry.cpp in Sources */ = {isa = PBXBuildFile; fileRef = 607F51AB29ED622B00456824 /* geometry.cpp */; };
		607F51BC29ED622C00456824 /* selection.cpp in Sources */ = {isa = PBXBuildFile; fileRef = 607F51AF29ED622B00456824 /* selection.cpp */; };
		607F51BF29ED630600456824 /* OpenGL.framework in Frameworks */ = {isa = PBXBuildFile; fileRef = 607F51BE29ED630600456824 /* OpenGL.framework */; };
		607F51D129F1538800456824 /* geoControl.cpp in Sources */ = {isa = PBXBuildFile; fileRef = 607F51CF29F1538800456824 /* geoControl.cpp */; };
		607F51D429F4369500456824 /* basic.cpp in Sources */ = {isa = PBXBuildFile; fileRef = 607F51D229F4369500456824 /* basic.cpp */; };
		607F51D729F43A7F00456824 /* assembled.cpp in Sources */ = {isa = PBXBuildFile; fileRef = 607F51D529F43A7F00456824 /* assembled.cpp */; };
		607F51DA29F43FD400456824 /* room.cpp in Sources */ = {isa = PBXBuildFile; fileRef = 607F51D829F43FD400456824 /* room.cpp */; };
		607F51DC29F4421300456824 /* libglfw.3.3.dylib in Frameworks */ = {isa = PBXBuildFile; fileRef = 607F51DB29F4421300456824 /* libglfw.3.3.dylib */; };
		607F51E029F4422D00456824 /* libGLEW.2.2.0.dylib in Frameworks */ = {isa = PBXBuildFile; fileRef = 607F51DF29F4422D00456824 /* libGLEW.2.2.0.dylib */; };
		607F51E829F7A74700456824 /* bezier.cpp in Sources */ = {isa = PBXBuildFile; fileRef = 607F51E629F7A74700456824 /* bezier.cpp */; };
		607F51EF29F8A65D00456824 /* outterObject.cpp in Sources */ = {isa = PBXBuildFile; fileRef = 607F51ED29F8A65D00456824 /* outterObject.cpp */; };
		60E3DF3629FA17DE00562C7C /* material.cpp in Sources */ = {isa = PBXBuildFile; fileRef = 60E3DF3429FA17DE00562C7C /* material.cpp */; };
/* End PBXBuildFile section */

/* Begin PBXCopyFilesBuildPhase section */
		607F518629ED60D700456824 /* CopyFiles */ = {
			isa = PBXCopyFilesBuildPhase;
			buildActionMask = 2147483647;
			dstPath = /usr/share/man/man1/;
			dstSubfolderSpec = 0;
			files = (
			);
			runOnlyForDeploymentPostprocessing = 1;
		};
/* End PBXCopyFilesBuildPhase section */

/* Begin PBXFileReference section */
		607F518829ED60D700456824 /* cg-2 */ = {isa = PBXFileReference; explicitFileType = "compiled.mach-o.executable"; includeInIndex = 0; path = "cg-2"; sourceTree = BUILT_PRODUCTS_DIR; };
		607F518B29ED60D700456824 /* main.cpp */ = {isa = PBXFileReference; lastKnownFileType = sourcecode.cpp.cpp; path = main.cpp; sourceTree = "<group>"; };
		607F519329ED617E00456824 /* shape.frag */ = {isa = PBXFileReference; fileEncoding = 4; lastKnownFileType = sourcecode.glsl; path = shape.frag; sourceTree = "<group>"; };
		607F519529ED617E00456824 /* shape.vert */ = {isa = PBXFileReference; fileEncoding = 4; lastKnownFileType = sourcecode.glsl; path = shape.vert; sourceTree = "<group>"; };
		607F519729ED622B00456824 /* scene.cpp */ = {isa = PBXFileReference; fileEncoding = 4; lastKnownFileType = sourcecode.cpp.cpp; path = scene.cpp; sourceTree = "<group>"; };
		607F519829ED622B00456824 /* scene.hpp */ = {isa = PBXFileReference; fileEncoding = 4; lastKnownFileType = sourcecode.cpp.h; path = scene.hpp; sourceTree = "<group>"; };
		607F519929ED622B00456824 /* texture.hpp */ = {isa = PBXFileReference; fileEncoding = 4; lastKnownFileType = sourcecode.cpp.h; path = texture.hpp; sourceTree = "<group>"; };
		607F519F29ED622B00456824 /* stb_image.h */ = {isa = PBXFileReference; fileEncoding = 4; lastKnownFileType = sourcecode.c.h; path = stb_image.h; sourceTree = "<group>"; };
		607F51A129ED622B00456824 /* stb_image.cpp */ = {isa = PBXFileReference; fileEncoding = 4; lastKnownFileType = sourcecode.cpp.cpp; path = stb_image.cpp; sourceTree = "<group>"; };
		607F51A529ED622B00456824 /* shader.hpp */ = {isa = PBXFileReference; fileEncoding = 4; lastKnownFileType = sourcecode.cpp.h; path = shader.hpp; sourceTree = "<group>"; };
		607F51A629ED622B00456824 /* common.h */ = {isa = PBXFileReference; fileEncoding = 4; lastKnownFileType = sourcecode.c.h; path = common.h; sourceTree = "<group>"; };
		607F51A729ED622B00456824 /* texture.cpp */ = {isa = PBXFileReference; fileEncoding = 4; lastKnownFileType = sourcecode.cpp.cpp; path = texture.cpp; sourceTree = "<group>"; };
		607F51A829ED622B00456824 /* shader.cpp */ = {isa = PBXFileReference; fileEncoding = 4; lastKnownFileType = sourcecode.cpp.cpp; path = shader.cpp; sourceTree = "<group>"; };
		607F51A929ED622B00456824 /* shaderReader.cpp */ = {isa = PBXFileReference; fileEncoding = 4; lastKnownFileType = sourcecode.cpp.cpp; path = shaderReader.cpp; sourceTree = "<group>"; };
		607F51AB29ED622B00456824 /* geometry.cpp */ = {isa = PBXFileReference; fileEncoding = 4; lastKnownFileType = sourcecode.cpp.cpp; path = geometry.cpp; sourceTree = "<group>"; };
		607F51AC29ED622B00456824 /* selection.hpp */ = {isa = PBXFileReference; fileEncoding = 4; lastKnownFileType = sourcecode.cpp.h; path = selection.hpp; sourceTree = "<group>"; };
		607F51AE29ED622B00456824 /* geometry.hpp */ = {isa = PBXFileReference; fileEncoding = 4; lastKnownFileType = sourcecode.cpp.h; path = geometry.hpp; sourceTree = "<group>"; };
		607F51AF29ED622B00456824 /* selection.cpp */ = {isa = PBXFileReference; fileEncoding = 4; lastKnownFileType = sourcecode.cpp.cpp; path = selection.cpp; sourceTree = "<group>"; };
		607F51B029ED622B00456824 /* shaderReader.hpp */ = {isa = PBXFileReference; fileEncoding = 4; lastKnownFileType = sourcecode.cpp.h; path = shaderReader.hpp; sourceTree = "<group>"; };
		607F51BE29ED630600456824 /* OpenGL.framework */ = {isa = PBXFileReference; lastKnownFileType = wrapper.framework; name = OpenGL.framework; path = System/Library/Frameworks/OpenGL.framework; sourceTree = SDKROOT; };
		607F51CB29ED682D00456824 /* camera_rotate.png */ = {isa = PBXFileReference; lastKnownFileType = image.png; path = camera_rotate.png; sourceTree = "<group>"; };
		607F51CC29ED682D00456824 /* selection.png */ = {isa = PBXFileReference; lastKnownFileType = image.png; path = selection.png; sourceTree = "<group>"; };
		607F51CD29ED682D00456824 /* move.png */ = {isa = PBXFileReference; lastKnownFileType = image.png; path = move.png; sourceTree = "<group>"; };
		607F51CE29ED682D00456824 /* magnify.png */ = {isa = PBXFileReference; lastKnownFileType = image.png; path = magnify.png; sourceTree = "<group>"; };
		607F51CF29F1538800456824 /* geoControl.cpp */ = {isa = PBXFileReference; lastKnownFileType = sourcecode.cpp.cpp; path = geoControl.cpp; sourceTree = "<group>"; };
		607F51D029F1538800456824 /* geoControl.hpp */ = {isa = PBXFileReference; lastKnownFileType = sourcecode.cpp.h; path = geoControl.hpp; sourceTree = "<group>"; };
		607F51D229F4369500456824 /* basic.cpp */ = {isa = PBXFileReference; lastKnownFileType = sourcecode.cpp.cpp; path = basic.cpp; sourceTree = "<group>"; };
		607F51D329F4369500456824 /* basic.hpp */ = {isa = PBXFileReference; lastKnownFileType = sourcecode.cpp.h; path = basic.hpp; sourceTree = "<group>"; };
		607F51D529F43A7F00456824 /* assembled.cpp */ = {isa = PBXFileReference; lastKnownFileType = sourcecode.cpp.cpp; path = assembled.cpp; sourceTree = "<group>"; };
		607F51D629F43A7F00456824 /* assembled.hpp */ = {isa = PBXFileReference; lastKnownFileType = sourcecode.cpp.h; path = assembled.hpp; sourceTree = "<group>"; };
		607F51D829F43FD400456824 /* room.cpp */ = {isa = PBXFileReference; lastKnownFileType = sourcecode.cpp.cpp; path = room.cpp; sourceTree = "<group>"; };
		607F51D929F43FD400456824 /* room.hpp */ = {isa = PBXFileReference; lastKnownFileType = sourcecode.cpp.h; path = room.hpp; sourceTree = "<group>"; };
		607F51DB29F4421300456824 /* libglfw.3.3.dylib */ = {isa = PBXFileReference; lastKnownFileType = "compiled.mach-o.dylib"; name = libglfw.3.3.dylib; path = ../../../../../../usr/local/Cellar/glfw/3.3.8/lib/libglfw.3.3.dylib; sourceTree = "<group>"; };
		607F51DF29F4422D00456824 /* libGLEW.2.2.0.dylib */ = {isa = PBXFileReference; lastKnownFileType = "compiled.mach-o.dylib"; name = libGLEW.2.2.0.dylib; path = ../../../../../../usr/local/Cellar/glew/2.2.0_1/lib/libGLEW.2.2.0.dylib; sourceTree = "<group>"; };
		607F51E229F58C4700456824 /* cube_test.png */ = {isa = PBXFileReference; lastKnownFileType = image.png; path = cube_test.png; sourceTree = "<group>"; };
		607F51E329F58C4700456824 /* wood.jpg */ = {isa = PBXFileReference; lastKnownFileType = image.jpeg; path = wood.jpg; sourceTree = "<group>"; };
		607F51E429F62B4C00456824 /* earth.jpg */ = {isa = PBXFileReference; lastKnownFileType = image.jpeg; path = earth.jpg; sourceTree = "<group>"; };
		607F51E529F77BC500456824 /* chessboard.jpg */ = {isa = PBXFileReference; lastKnownFileType = image.jpeg; path = chessboard.jpg; sourceTree = "<group>"; };
		607F51E629F7A74700456824 /* bezier.cpp */ = {isa = PBXFileReference; lastKnownFileType = sourcecode.cpp.cpp; path = bezier.cpp; sourceTree = "<group>"; };
		607F51E729F7A74700456824 /* bezier.hpp */ = {isa = PBXFileReference; lastKnownFileType = sourcecode.cpp.h; path = bezier.hpp; sourceTree = "<group>"; };
		607F51E929F7D5C900456824 /* marble.jpg */ = {isa = PBXFileReference; lastKnownFileType = image.jpeg; path = marble.jpg; sourceTree = "<group>"; };
		607F51EB29F8A58500456824 /* Slime.obj */ = {isa = PBXFileReference; fileEncoding = 4; lastKnownFileType = text; path = Slime.obj; sourceTree = "<group>"; };
		607F51EC29F8A58500456824 /* Slime.mtl */ = {isa = PBXFileReference; fileEncoding = 4; lastKnownFileType = text; path = Slime.mtl; sourceTree = "<group>"; };
		607F51ED29F8A65D00456824 /* outterObject.cpp */ = {isa = PBXFileReference; lastKnownFileType = sourcecode.cpp.cpp; path = outterObject.cpp; sourceTree = "<group>"; };
		607F51EE29F8A65D00456824 /* outterObject.hpp */ = {isa = PBXFileReference; lastKnownFileType = sourcecode.cpp.h; path = outterObject.hpp; sourceTree = "<group>"; };
		60E3DF3429FA17DE00562C7C /* material.cpp */ = {isa = PBXFileReference; lastKnownFileType = sourcecode.cpp.cpp; path = material.cpp; sourceTree = "<group>"; };
		60E3DF3529FA17DE00562C7C /* material.hpp */ = {isa = PBXFileReference; lastKnownFileType = sourcecode.cpp.h; path = material.hpp; sourceTree = "<group>"; };
/* End PBXFileReference section */

/* Begin PBXFrameworksBuildPhase section */
		607F518529ED60D700456824 /* Frameworks */ = {
			isa = PBXFrameworksBuildPhase;
			buildActionMask = 2147483647;
			files = (
				607F51DC29F4421300456824 /* libglfw.3.3.dylib in Frameworks */,
				607F51E029F4422D00456824 /* libGLEW.2.2.0.dylib in Frameworks */,
				607F51BF29ED630600456824 /* OpenGL.framework in Frameworks */,
			);
			runOnlyForDeploymentPostprocessing = 0;
		};
/* End PBXFrameworksBuildPhase section */

/* Begin PBXGroup section */
		607F517F29ED60D700456824 = {
			isa = PBXGroup;
			children = (
				607F51EA29F8A58500456824 /* object */,
				607F51CA29ED682D00456824 /* texture */,
				607F519229ED617E00456824 /* shaders */,
				607F518A29ED60D700456824 /* cg-2 */,
				607F518929ED60D700456824 /* Products */,
				607F51BD29ED630600456824 /* Frameworks */,
			);
			sourceTree = "<group>";
		};
		607F518929ED60D700456824 /* Products */ = {
			isa = PBXGroup;
			children = (
				607F518829ED60D700456824 /* cg-2 */,
			);
			name = Products;
			sourceTree = "<group>";
		};
		607F518A29ED60D700456824 /* cg-2 */ = {
			isa = PBXGroup;
			children = (
				60E3DF3329FA17AA00562C7C /* shader */,
				60E3DF3229FA177900562C7C /* material */,
				607F519A29ED622B00456824 /* tools */,
				607F51AA29ED622B00456824 /* geometry */,
				607F519729ED622B00456824 /* scene.cpp */,
				607F519829ED622B00456824 /* scene.hpp */,
				607F51D829F43FD400456824 /* room.cpp */,
				607F51D929F43FD400456824 /* room.hpp */,
				607F51A629ED622B00456824 /* common.h */,
				607F51ED29F8A65D00456824 /* outterObject.cpp */,
				607F51EE29F8A65D00456824 /* outterObject.hpp */,
				607F518B29ED60D700456824 /* main.cpp */,
			);
			path = "cg-2";
			sourceTree = "<group>";
		};
		607F519229ED617E00456824 /* shaders */ = {
			isa = PBXGroup;
			children = (
				607F519329ED617E00456824 /* shape.frag */,
				607F519529ED617E00456824 /* shape.vert */,
			);
			path = shaders;
			sourceTree = "<group>";
		};
		607F519A29ED622B00456824 /* tools */ = {
			isa = PBXGroup;
			children = (
				607F51A129ED622B00456824 /* stb_image.cpp */,
				607F519F29ED622B00456824 /* stb_image.h */,
				607F51CF29F1538800456824 /* geoControl.cpp */,
				607F51D029F1538800456824 /* geoControl.hpp */,
				607F51E629F7A74700456824 /* bezier.cpp */,
				607F51E729F7A74700456824 /* bezier.hpp */,
			);
			path = tools;
			sourceTree = "<group>";
		};
		607F51AA29ED622B00456824 /* geometry */ = {
			isa = PBXGroup;
			children = (
				607F51AB29ED622B00456824 /* geometry.cpp */,
				607F51AE29ED622B00456824 /* geometry.hpp */,
				607F51D229F4369500456824 /* basic.cpp */,
				607F51D329F4369500456824 /* basic.hpp */,
				607F51D529F43A7F00456824 /* assembled.cpp */,
				607F51D629F43A7F00456824 /* assembled.hpp */,
				607F51AF29ED622B00456824 /* selection.cpp */,
				607F51AC29ED622B00456824 /* selection.hpp */,
			);
			path = geometry;
			sourceTree = "<group>";
		};
		607F51BD29ED630600456824 /* Frameworks */ = {
			isa = PBXGroup;
			children = (
				607F51DF29F4422D00456824 /* libGLEW.2.2.0.dylib */,
				607F51DB29F4421300456824 /* libglfw.3.3.dylib */,
				607F51BE29ED630600456824 /* OpenGL.framework */,
			);
			name = Frameworks;
			sourceTree = "<group>";
		};
		607F51CA29ED682D00456824 /* texture */ = {
			isa = PBXGroup;
			children = (
				607F51E929F7D5C900456824 /* marble.jpg */,
				607F51E529F77BC500456824 /* chessboard.jpg */,
				607F51E429F62B4C00456824 /* earth.jpg */,
				607F51E229F58C4700456824 /* cube_test.png */,
				607F51E329F58C4700456824 /* wood.jpg */,
				607F51CB29ED682D00456824 /* camera_rotate.png */,
				607F51CC29ED682D00456824 /* selection.png */,
				607F51CD29ED682D00456824 /* move.png */,
				607F51CE29ED682D00456824 /* magnify.png */,
			);
			path = texture;
			sourceTree = "<group>";
		};
		607F51EA29F8A58500456824 /* object */ = {
			isa = PBXGroup;
			children = (
				607F51EB29F8A58500456824 /* Slime.obj */,
				607F51EC29F8A58500456824 /* Slime.mtl */,
			);
			path = object;
			sourceTree = "<group>";
		};
		60E3DF3229FA177900562C7C /* material */ = {
			isa = PBXGroup;
			children = (
				607F51A729ED622B00456824 /* texture.cpp */,
				607F519929ED622B00456824 /* texture.hpp */,
				60E3DF3429FA17DE00562C7C /* material.cpp */,
				60E3DF3529FA17DE00562C7C /* material.hpp */,
			);
			path = material;
			sourceTree = "<group>";
		};
		60E3DF3329FA17AA00562C7C /* shader */ = {
			isa = PBXGroup;
			children = (
				607F51A829ED622B00456824 /* shader.cpp */,
				607F51A529ED622B00456824 /* shader.hpp */,
				607F51A929ED622B00456824 /* shaderReader.cpp */,
				607F51B029ED622B00456824 /* shaderReader.hpp */,
			);
			path = shader;
			sourceTree = "<group>";
		};
/* End PBXGroup section */

/* Begin PBXNativeTarget section */
		607F518729ED60D700456824 /* cg-2 */ = {
			isa = PBXNativeTarget;
			buildConfigurationList = 607F518F29ED60D700456824 /* Build configuration list for PBXNativeTarget "cg-2" */;
			buildPhases = (
				607F518429ED60D700456824 /* Sources */,
				607F518529ED60D700456824 /* Frameworks */,
				607F518629ED60D700456824 /* CopyFiles */,
			);
			buildRules = (
			);
			dependencies = (
			);
			name = "cg-2";
			productName = "cg-2";
			productReference = 607F518829ED60D700456824 /* cg-2 */;
			productType = "com.apple.product-type.tool";
		};
/* End PBXNativeTarget section */

/* Begin PBXProject section */
		607F518029ED60D700456824 /* Project object */ = {
			isa = PBXProject;
			attributes = {
				BuildIndependentTargetsInParallel = 1;
				LastUpgradeCheck = 1420;
				TargetAttributes = {
					607F518729ED60D700456824 = {
						CreatedOnToolsVersion = 14.2;
					};
				};
			};
			buildConfigurationList = 607F518329ED60D700456824 /* Build configuration list for PBXProject "cg-2" */;
			compatibilityVersion = "Xcode 14.0";
			developmentRegion = en;
			hasScannedForEncodings = 0;
			knownRegions = (
				en,
				Base,
			);
			mainGroup = 607F517F29ED60D700456824;
			productRefGroup = 607F518929ED60D700456824 /* Products */;
			projectDirPath = "";
			projectRoot = "";
			targets = (
				607F518729ED60D700456824 /* cg-2 */,
			);
		};
/* End PBXProject section */

/* Begin PBXSourcesBuildPhase section */
		607F518429ED60D700456824 /* Sources */ = {
			isa = PBXSourcesBuildPhase;
			buildActionMask = 2147483647;
			files = (
				607F51B129ED622C00456824 /* scene.cpp in Sources */,
				607F51B829ED622C00456824 /* shader.cpp in Sources */,
				607F51DA29F43FD400456824 /* room.cpp in Sources */,
				607F51EF29F8A65D00456824 /* outterObject.cpp in Sources */,
				607F51D129F1538800456824 /* geoControl.cpp in Sources */,
				607F51BA29ED622C00456824 /* geometry.cpp in Sources */,
				607F51D429F4369500456824 /* basic.cpp in Sources */,
				607F51B529ED622C00456824 /* stb_image.cpp in Sources */,
				607F51BC29ED622C00456824 /* selection.cpp in Sources */,
				60E3DF3629FA17DE00562C7C /* material.cpp in Sources */,
				607F51D729F43A7F00456824 /* assembled.cpp in Sources */,
				607F51B729ED622C00456824 /* texture.cpp in Sources */,
				607F51B929ED622C00456824 /* shaderReader.cpp in Sources */,
				607F518C29ED60D700456824 /* main.cpp in Sources */,
				607F51E829F7A74700456824 /* bezier.cpp in Sources */,
			);
			runOnlyForDeploymentPostprocessing = 0;
		};
/* End PBXSourcesBuildPhase section */

/* Begin XCBuildConfiguration section */
		607F518D29ED60D700456824 /* Debug */ = {
			isa = XCBuildConfiguration;
			buildSettings = {
				ALWAYS_SEARCH_USER_PATHS = NO;
				CLANG_ANALYZER_NONNULL = YES;
				CLANG_ANALYZER_NUMBER_OBJECT_CONVERSION = YES_AGGRESSIVE;
				CLANG_CXX_LANGUAGE_STANDARD = "gnu++20";
				CLANG_ENABLE_MODULES = YES;
				CLANG_ENABLE_OBJC_ARC = YES;
				CLANG_ENABLE_OBJC_WEAK = YES;
				CLANG_WARN_BLOCK_CAPTURE_AUTORELEASING = YES;
				CLANG_WARN_BOOL_CONVERSION = YES;
				CLANG_WARN_COMMA = YES;
				CLANG_WARN_CONSTANT_CONVERSION = YES;
				CLANG_WARN_DEPRECATED_OBJC_IMPLEMENTATIONS = YES;
				CLANG_WARN_DIRECT_OBJC_ISA_USAGE = YES_ERROR;
				CLANG_WARN_DOCUMENTATION_COMMENTS = YES;
				CLANG_WARN_EMPTY_BODY = YES;
				CLANG_WARN_ENUM_CONVERSION = YES;
				CLANG_WARN_INFINITE_RECURSION = YES;
				CLANG_WARN_INT_CONVERSION = YES;
				CLANG_WARN_NON_LITERAL_NULL_CONVERSION = YES;
				CLANG_WARN_OBJC_IMPLICIT_RETAIN_SELF = YES;
				CLANG_WARN_OBJC_LITERAL_CONVERSION = YES;
				CLANG_WARN_OBJC_ROOT_CLASS = YES_ERROR;
				CLANG_WARN_QUOTED_INCLUDE_IN_FRAMEWORK_HEADER = YES;
				CLANG_WARN_RANGE_LOOP_ANALYSIS = YES;
				CLANG_WARN_STRICT_PROTOTYPES = YES;
				CLANG_WARN_SUSPICIOUS_MOVE = YES;
				CLANG_WARN_UNGUARDED_AVAILABILITY = YES_AGGRESSIVE;
				CLANG_WARN_UNREACHABLE_CODE = YES;
				CLANG_WARN__DUPLICATE_METHOD_MATCH = YES;
				COPY_PHASE_STRIP = NO;
				DEBUG_INFORMATION_FORMAT = dwarf;
				ENABLE_STRICT_OBJC_MSGSEND = YES;
				ENABLE_TESTABILITY = YES;
				GCC_C_LANGUAGE_STANDARD = gnu11;
				GCC_DYNAMIC_NO_PIC = NO;
				GCC_NO_COMMON_BLOCKS = YES;
				GCC_OPTIMIZATION_LEVEL = 0;
				GCC_PREPROCESSOR_DEFINITIONS = (
					"DEBUG=1",
					"$(inherited)",
				);
				GCC_WARN_64_TO_32_BIT_CONVERSION = YES;
				GCC_WARN_ABOUT_RETURN_TYPE = YES_ERROR;
				GCC_WARN_UNDECLARED_SELECTOR = YES;
				GCC_WARN_UNINITIALIZED_AUTOS = YES_AGGRESSIVE;
				GCC_WARN_UNUSED_FUNCTION = YES;
				GCC_WARN_UNUSED_VARIABLE = YES;
				MACOSX_DEPLOYMENT_TARGET = 12.6;
				MTL_ENABLE_DEBUG_INFO = INCLUDE_SOURCE;
				MTL_FAST_MATH = YES;
				ONLY_ACTIVE_ARCH = YES;
				SDKROOT = macosx;
			};
			name = Debug;
		};
		607F518E29ED60D700456824 /* Release */ = {
			isa = XCBuildConfiguration;
			buildSettings = {
				ALWAYS_SEARCH_USER_PATHS = NO;
				CLANG_ANALYZER_NONNULL = YES;
				CLANG_ANALYZER_NUMBER_OBJECT_CONVERSION = YES_AGGRESSIVE;
				CLANG_CXX_LANGUAGE_STANDARD = "gnu++20";
				CLANG_ENABLE_MODULES = YES;
				CLANG_ENABLE_OBJC_ARC = YES;
				CLANG_ENABLE_OBJC_WEAK = YES;
				CLANG_WARN_BLOCK_CAPTURE_AUTORELEASING = YES;
				CLANG_WARN_BOOL_CONVERSION = YES;
				CLANG_WARN_COMMA = YES;
				CLANG_WARN_CONSTANT_CONVERSION = YES;
				CLANG_WARN_DEPRECATED_OBJC_IMPLEMENTATIONS = YES;
				CLANG_WARN_DIRECT_OBJC_ISA_USAGE = YES_ERROR;
				CLANG_WARN_DOCUMENTATION_COMMENTS = YES;
				CLANG_WARN_EMPTY_BODY = YES;
				CLANG_WARN_ENUM_CONVERSION = YES;
				CLANG_WARN_INFINITE_RECURSION = YES;
				CLANG_WARN_INT_CONVERSION = YES;
				CLANG_WARN_NON_LITERAL_NULL_CONVERSION = YES;
				CLANG_WARN_OBJC_IMPLICIT_RETAIN_SELF = YES;
				CLANG_WARN_OBJC_LITERAL_CONVERSION = YES;
				CLANG_WARN_OBJC_ROOT_CLASS = YES_ERROR;
				CLANG_WARN_QUOTED_INCLUDE_IN_FRAMEWORK_HEADER = YES;
				CLANG_WARN_RANGE_LOOP_ANALYSIS = YES;
				CLANG_WARN_STRICT_PROTOTYPES = YES;
				CLANG_WARN_SUSPICIOUS_MOVE = YES;
				CLANG_WARN_UNGUARDED_AVAILABILITY = YES_AGGRESSIVE;
				CLANG_WARN_UNREACHABLE_CODE = YES;
				CLANG_WARN__DUPLICATE_METHOD_MATCH = YES;
				COPY_PHASE_STRIP = NO;
				DEBUG_INFORMATION_FORMAT = "dwarf-with-dsym";
				ENABLE_NS_ASSERTIONS = NO;
				ENABLE_STRICT_OBJC_MSGSEND = YES;
				GCC_C_LANGUAGE_STANDARD = gnu11;
				GCC_NO_COMMON_BLOCKS = YES;
				GCC_WARN_64_TO_32_BIT_CONVERSION = YES;
				GCC_WARN_ABOUT_RETURN_TYPE = YES_ERROR;
				GCC_WARN_UNDECLARED_SELECTOR = YES;
				GCC_WARN_UNINITIALIZED_AUTOS = YES_AGGRESSIVE;
				GCC_WARN_UNUSED_FUNCTION = YES;
				GCC_WARN_UNUSED_VARIABLE = YES;
				MACOSX_DEPLOYMENT_TARGET = 12.6;
				MTL_ENABLE_DEBUG_INFO = NO;
				MTL_FAST_MATH = YES;
				SDKROOT = macosx;
			};
			name = Release;
		};
		607F519029ED60D700456824 /* Debug */ = {
			isa = XCBuildConfiguration;
			buildSettings = {
				CODE_SIGN_STYLE = Automatic;
				DEVELOPMENT_TEAM = QCDQ72S86T;
				ENABLE_HARDENED_RUNTIME = YES;
				HEADER_SEARCH_PATHS = /usr/local/include;
				LIBRARY_SEARCH_PATHS = (
					/usr/local/lib,
					/usr/local/Cellar/glfw/3.3.8/lib,
					/usr/local/Cellar/glew/2.2.0_1/lib,
				);
				PRODUCT_NAME = "$(TARGET_NAME)";
			};
			name = Debug;
		};
		607F519129ED60D700456824 /* Release */ = {
			isa = XCBuildConfiguration;
			buildSettings = {
				CODE_SIGN_STYLE = Automatic;
				DEVELOPMENT_TEAM = QCDQ72S86T;
				ENABLE_HARDENED_RUNTIME = YES;
				HEADER_SEARCH_PATHS = /usr/local/include;
				LIBRARY_SEARCH_PATHS = (
					/usr/local/lib,
					/usr/local/Cellar/glfw/3.3.8/lib,
					/usr/local/Cellar/glew/2.2.0_1/lib,
				);
				PRODUCT_NAME = "$(TARGET_NAME)";
			};
			name = Release;
		};
/* End XCBuildConfiguration section */

/* Begin XCConfigurationList section */
		607F518329ED60D700456824 /* Build configuration list for PBXProject "cg-2" */ = {
			isa = XCConfigurationList;
			buildConfigurations = (
				607F518D29ED60D700456824 /* Debug */,
				607F518E29ED60D700456824 /* Release */,
			);
			defaultConfigurationIsVisible = 0;
			defaultConfigurationName = Release;
		};
		607F518F29ED60D700456824 /* Build configuration list for PBXNativeTarget "cg-2" */ = {
			isa = XCConfigurationList;
			buildConfigurations = (
				607F519029ED60D700456824 /* Debug */,
				607F519129ED60D700456824 /* Release */,
			);
			defaultConfigurationIsVisible = 0;
			defaultConfigurationName = Release;
		};
/* End XCConfigurationList section */
	};
	rootObject = 607F518029ED60D700456824 /* Project object */;
}
